<?xml version="1.0" encoding="utf-8"?>
<Project ToolsVersion="4.0" xmlns="http://schemas.microsoft.com/developer/msbuild/2003">
  <ItemGroup>
    <Filter Include="geometry">
      <UniqueIdentifier>{2f9e9349-85b7-4092-8279-56b766016cb6}</UniqueIdentifier>
    </Filter>
    <Filter Include="halfedge">
      <UniqueIdentifier>{5bb577e8-a266-4b68-a657-fdd44f7330c4}</UniqueIdentifier>
    </Filter>
    <Filter Include="param">
      <UniqueIdentifier>{105a0e6f-61b6-45d6-866f-e830021101af}</UniqueIdentifier>
    </Filter>
    <Filter Include="raster">
      <UniqueIdentifier>{8e2a535c-9356-46ba-a77b-da7ec41d6450}</UniqueIdentifier>
    </Filter>
    <Filter Include="weld">
      <UniqueIdentifier>{f888e3ef-171b-45bd-9a31-678afccd8132}</UniqueIdentifier>
    </Filter>
    <Filter Include="export">
      <UniqueIdentifier>{77f8fed8-a2a6-4943-878c-65c728453b74}</UniqueIdentifier>
    </Filter>
  </ItemGroup>
  <ItemGroup>
    <ClCompile Include="..\..\..\src\nvmesh\geometry\Measurements.cpp">
      <Filter>geometry</Filter>
    </ClCompile>
    <ClCompile Include="..\..\..\src\nvmesh\halfedge\Edge.cpp">
      <Filter>halfedge</Filter>
    </ClCompile>
    <ClCompile Include="..\..\..\src\nvmesh\halfedge\Face.cpp">
      <Filter>halfedge</Filter>
    </ClCompile>
    <ClCompile Include="..\..\..\src\nvmesh\halfedge\Mesh.cpp">
      <Filter>halfedge</Filter>
    </ClCompile>
    <ClCompile Include="..\..\..\src\nvmesh\halfedge\Vertex.cpp">
      <Filter>halfedge</Filter>
    </ClCompile>
    <ClCompile Include="..\..\..\src\nvmesh\param\Atlas.cpp">
      <Filter>param</Filter>
    </ClCompile>
    <ClCompile Include="..\..\..\src\nvmesh\param\AtlasBuilder.cpp">
      <Filter>param</Filter>
    </ClCompile>
    <ClCompile Include="..\..\..\src\nvmesh\param\AtlasPacker.cpp">
      <Filter>param</Filter>
    </ClCompile>
    <ClCompile Include="..\..\..\src\nvmesh\param\BoundaryMap.cpp">
      <Filter>param</Filter>
    </ClCompile>
    <ClCompile Include="..\..\..\src\nvmesh\param\ConformalMap.cpp">
      <Filter>param</Filter>
    </ClCompile>
    <ClCompile Include="..\..\..\src\nvmesh\param\LeastSquaresConformalMap.cpp">
      <Filter>param</Filter>
    </ClCompile>
    <ClCompile Include="..\..\..\src\nvmesh\param\OrthogonalProjectionMap.cpp">
      <Filter>param</Filter>
    </ClCompile>
    <ClCompile Include="..\..\..\src\nvmesh\param\ParameterizationQuality.cpp">
      <Filter>param</Filter>
    </ClCompile>
    <ClCompile Include="..\..\..\src\nvmesh\param\SingleFaceMap.cpp">
      <Filter>param</Filter>
    </ClCompile>
    <ClCompile Include="..\..\..\src\nvmesh\param\Util.cpp">
      <Filter>param</Filter>
    </ClCompile>
    <ClCompile Include="..\..\..\src\nvmesh\raster\Raster.cpp">
      <Filter>raster</Filter>
    </ClCompile>
    <ClCompile Include="..\..\..\src\nvmesh\MeshBuilder.cpp" />
    <ClCompile Include="..\..\..\src\nvmesh\MeshTopology.cpp" />
    <ClCompile Include="..\..\..\src\nvmesh\nvmesh.cpp" />
    <ClCompile Include="..\..\..\src\nvmesh\export\MeshExportOBJ.cpp">
      <Filter>export</Filter>
    </ClCompile>
  </ItemGroup>
  <ItemGroup>
    <ClInclude Include="..\..\..\src\nvmesh\geometry\Measurements.h">
      <Filter>geometry</Filter>
    </ClInclude>
    <ClInclude Include="..\..\..\src\nvmesh\halfedge\Edge.h">
      <Filter>halfedge</Filter>
    </ClInclude>
    <ClInclude Include="..\..\..\src\nvmesh\halfedge\Face.h">
      <Filter>halfedge</Filter>
    </ClInclude>
    <ClInclude Include="..\..\..\src\nvmesh\halfedge\Mesh.h">
      <Filter>halfedge</Filter>
    </ClInclude>
    <ClInclude Include="..\..\..\src\nvmesh\halfedge\Vertex.h">
      <Filter>halfedge</Filter>
    </ClInclude>
    <ClInclude Include="..\..\..\src\nvmesh\param\Atlas.h">
      <Filter>param</Filter>
    </ClInclude>
    <ClInclude Include="..\..\..\src\nvmesh\param\AtlasBuilder.h">
      <Filter>param</Filter>
    </ClInclude>
    <ClInclude Include="..\..\..\src\nvmesh\param\AtlasPacker.h">
      <Filter>param</Filter>
    </ClInclude>
    <ClInclude Include="..\..\..\src\nvmesh\param\LeastSquaresConformalMap.h">
      <Filter>param</Filter>
    </ClInclude>
    <ClInclude Include="..\..\..\src\nvmesh\param\OrthogonalProjectionMap.h">
      <Filter>param</Filter>
    </ClInclude>
    <ClInclude Include="..\..\..\src\nvmesh\param\ParameterizationQuality.h">
      <Filter>param</Filter>
    </ClInclude>
    <ClInclude Include="..\..\..\src\nvmesh\param\SingleFaceMap.h">
      <Filter>param</Filter>
    </ClInclude>
    <ClInclude Include="..\..\..\src\nvmesh\param\Util.h">
      <Filter>param</Filter>
    </ClInclude>
    <ClInclude Include="..\..\..\src\nvmesh\raster\ClippedTriangle.h">
      <Filter>raster</Filter>
    </ClInclude>
    <ClInclude Include="..\..\..\src\nvmesh\raster\Raster.h">
      <Filter>raster</Filter>
    </ClInclude>
    <ClInclude Include="..\..\..\src\nvmesh\weld\Weld.h">
      <Filter>weld</Filter>
    </ClInclude>
    <ClInclude Include="..\..\..\src\nvmesh\MeshBuilder.h" />
    <ClInclude Include="..\..\..\src\nvmesh\nvmesh.h" />
    <ClInclude Include="..\..\..\src\nvmesh\export\MeshExportOBJ.h">
      <Filter>export</Filter>
    </ClInclude>
  </ItemGroup>
  <ItemGroup>
    <CustomBuild Include="..\..\..\src\nvmesh\param\BoundaryMap.h">
      <Filter>param</Filter>
    </CustomBuild>
    <CustomBuild Include="..\..\..\src\nvmesh\param\ConformalMap.h">
      <Filter>param</Filter>
    </CustomBuild>
    <CustomBuild Include="..\..\..\src\nvmesh\MeshTopology.h" />
  </ItemGroup>
</Project>